
Microsoft Visual Studio Solution File, Format Version 12.00
# Visual Studio Version 16
VisualStudioVersion = 16.0.31321.278
MinimumVisualStudioVersion = 10.0.40219.1
Project("{FAE04EC0-301F-11D3-BF4B-00C04F79EFBC}") = "EvenQ_API", "EvenQ_API\EvenQ_API.csproj", "{7278F3EA-78BE-4819-AE91-ABE280A818B2}"
EndProject
Global
	GlobalSection(SolutionConfigurationPlatforms) = preSolution
		Debug|Any CPU = Debug|Any CPU
		Release|Any CPU = Release|Any CPU
	EndGlobalSection
	GlobalSection(ProjectConfigurationPlatforms) = postSolution
		{7278F3EA-78BE-4819-AE91-ABE280A818B2}.Debug|Any CPU.ActiveCfg = Debug|Any CPU
		{7278F3EA-78BE-4819-AE91-ABE280A818B2}.Debug|Any CPU.Build.0 = Debug|Any CPU
		{7278F3EA-78BE-4819-AE91-ABE280A818B2}.Release|Any CPU.ActiveCfg = Release|Any CPU
		{7278F3EA-78BE-4819-AE91-ABE280A818B2}.Release|Any CPU.Build.0 = Release|Any CPU
	EndGlobalSection
	GlobalSection(SolutionProperties) = preSolution
		HideSolutionNode = FALSE
	EndGlobalSection
	GlobalSection(ExtensibilityGlobals) = postSolution
		SolutionGuid = {36AA8635-5550-4613-9ACB-FF881C96CDEF}
	EndGlobalSection
EndGlobal
